
Microsoft Visual Studio Solution File, Format Version 12.00
# Visual Studio Version 17
VisualStudioVersion = 17.14.36616.10 d17.14
MinimumVisualStudioVersion = 10.0.40219.1
Project("{FAE04EC0-301F-11D3-BF4B-00C04F79EFBC}") = "tamrin 2", "tamrin 2\tamrin 2.csproj", "{D39E4EDB-DA2C-420B-8C6D-06A2264F0381}"
EndProject
Global
	GlobalSection(SolutionConfigurationPlatforms) = preSolution
		Debug|Any CPU = Debug|Any CPU
		Release|Any CPU = Release|Any CPU
	EndGlobalSection
	GlobalSection(ProjectConfigurationPlatforms) = postSolution
		{D39E4EDB-DA2C-420B-8C6D-06A2264F0381}.Debug|Any CPU.ActiveCfg = Debug|Any CPU
		{D39E4EDB-DA2C-420B-8C6D-06A2264F0381}.Debug|Any CPU.Build.0 = Debug|Any CPU
		{D39E4EDB-DA2C-420B-8C6D-06A2264F0381}.Release|Any CPU.ActiveCfg = Release|Any CPU
		{D39E4EDB-DA2C-420B-8C6D-06A2264F0381}.Release|Any CPU.Build.0 = Release|Any CPU
	EndGlobalSection
	GlobalSection(SolutionProperties) = preSolution
		HideSolutionNode = FALSE
	EndGlobalSection
	GlobalSection(ExtensibilityGlobals) = postSolution
		SolutionGuid = {3C86AD0C-9203-4AAD-A10F-870645F57CD2}
	EndGlobalSection
EndGlobal
